// !$*UTF8*$!
{
	archiveVersion = 1;
	classes = {
	};
	objectVersion = 50;
	objects = {

/* Begin PBXBuildFile section */
		FC521D59215ED74A005C37E2 /* AppDelegate.swift in Sources */ = {isa = PBXBuildFile; fileRef = FC521D58215ED74A005C37E2 /* AppDelegate.swift */; };
		FC521D5B215ED74A005C37E2 /* ViewController.swift in Sources */ = {isa = PBXBuildFile; fileRef = FC521D5A215ED74A005C37E2 /* ViewController.swift */; };
		FC521D5E215ED74A005C37E2 /* Main.storyboard in Resources */ = {isa = PBXBuildFile; fileRef = FC521D5C215ED74A005C37E2 /* Main.storyboard */; };
		FC521D60215ED74C005C37E2 /* Assets.xcassets in Resources */ = {isa = PBXBuildFile; fileRef = FC521D5F215ED74C005C37E2 /* Assets.xcassets */; };
		FC521D63215ED74C005C37E2 /* LaunchScreen.storyboard in Resources */ = {isa = PBXBuildFile; fileRef = FC521D61215ED74C005C37E2 /* LaunchScreen.storyboard */; };
		FC521D6E215ED74C005C37E2 /* AutolayoutExampleTests.swift in Sources */ = {isa = PBXBuildFile; fileRef = FC521D6D215ED74C005C37E2 /* AutolayoutExampleTests.swift */; };
		FC521D79215EE04E005C37E2 /* catUIView.swift in Sources */ = {isa = PBXBuildFile; fileRef = FC521D78215EE04E005C37E2 /* catUIView.swift */; };
/* End PBXBuildFile section */

/* Begin PBXContainerItemProxy section */
		FC521D6A215ED74C005C37E2 /* PBXContainerItemProxy */ = {
			isa = PBXContainerItemProxy;
			containerPortal = FC521D4D215ED74A005C37E2 /* Project object */;
			proxyType = 1;
			remoteGlobalIDString = FC521D54215ED74A005C37E2;
			remoteInfo = AutolayoutExample;
		};
/* End PBXContainerItemProxy section */

/* Begin PBXFileReference section */
		FC521D55215ED74A005C37E2 /* AutolayoutExample.app */ = {isa = PBXFileReference; explicitFileType = wrapper.application; includeInIndex = 0; path = AutolayoutExample.app; sourceTree = BUILT_PRODUCTS_DIR; };
		FC521D58215ED74A005C37E2 /* AppDelegate.swift */ = {isa = PBXFileReference; lastKnownFileType = sourcecode.swift; path = AppDelegate.swift; sourceTree = "<group>"; };
		FC521D5A215ED74A005C37E2 /* ViewController.swift */ = {isa = PBXFileReference; lastKnownFileType = sourcecode.swift; path = ViewController.swift; sourceTree = "<group>"; };
		FC521D5D215ED74A005C37E2 /* Base */ = {isa = PBXFileReference; lastKnownFileType = file.storyboard; name = Base; path = Base.lproj/Main.storyboard; sourceTree = "<group>"; };
		FC521D5F215ED74C005C37E2 /* Assets.xcassets */ = {isa = PBXFileReference; lastKnownFileType = folder.assetcatalog; path = Assets.xcassets; sourceTree = "<group>"; };
		FC521D62215ED74C005C37E2 /* Base */ = {isa = PBXFileReference; lastKnownFileType = file.storyboard; name = Base; path = Base.lproj/LaunchScreen.storyboard; sourceTree = "<group>"; };
		FC521D64215ED74C005C37E2 /* Info.plist */ = {isa = PBXFileReference; lastKnownFileType = text.plist.xml; path = Info.plist; sourceTree = "<group>"; };
		FC521D69215ED74C005C37E2 /* AutolayoutExampleTests.xctest */ = {isa = PBXFileReference; explicitFileType = wrapper.cfbundle; includeInIndex = 0; path = AutolayoutExampleTests.xctest; sourceTree = BUILT_PRODUCTS_DIR; };
		FC521D6D215ED74C005C37E2 /* AutolayoutExampleTests.swift */ = {isa = PBXFileReference; lastKnownFileType = sourcecode.swift; path = AutolayoutExampleTests.swift; sourceTree = "<group>"; };
		FC521D6F215ED74C005C37E2 /* Info.plist */ = {isa = PBXFileReference; lastKnownFileType = text.plist.xml; path = Info.plist; sourceTree = "<group>"; };
		FC521D78215EE04E005C37E2 /* catUIView.swift */ = {isa = PBXFileReference; lastKnownFileType = sourcecode.swift; path = catUIView.swift; sourceTree = "<group>"; };
/* End PBXFileReference section */

/* Begin PBXFrameworksBuildPhase section */
		FC521D52215ED74A005C37E2 /* Frameworks */ = {
			isa = PBXFrameworksBuildPhase;
			buildActionMask = 2147483647;
			files = (
			);
			runOnlyForDeploymentPostprocessing = 0;
		};
		FC521D66215ED74C005C37E2 /* Frameworks */ = {
			isa = PBXFrameworksBuildPhase;
			buildActionMask = 2147483647;
			files = (
			);
			runOnlyForDeploymentPostprocessing = 0;
		};
/* End PBXFrameworksBuildPhase section */

/* Begin PBXGroup section */
		FC521D4C215ED74A005C37E2 = {
			isa = PBXGroup;
			children = (
				FC521D57215ED74A005C37E2 /* AutolayoutExample */,
				FC521D6C215ED74C005C37E2 /* AutolayoutExampleTests */,
				FC521D56215ED74A005C37E2 /* Products */,
			);
			sourceTree = "<group>";
		};
		FC521D56215ED74A005C37E2 /* Products */ = {
			isa = PBXGroup;
			children = (
				FC521D55215ED74A005C37E2 /* AutolayoutExample.app */,
				FC521D69215ED74C005C37E2 /* AutolayoutExampleTests.xctest */,
			);
			name = Products;
			sourceTree = "<group>";
		};
		FC521D57215ED74A005C37E2 /* AutolayoutExample */ = {
			isa = PBXGroup;
			children = (
				FC521D58215ED74A005C37E2 /* AppDelegate.swift */,
				FC521D5A215ED74A005C37E2 /* ViewController.swift */,
				FC521D5C215ED74A005C37E2 /* Main.storyboard */,
				FC521D5F215ED74C005C37E2 /* Assets.xcassets */,
				FC521D61215ED74C005C37E2 /* LaunchScreen.storyboard */,
				FC521D64215ED74C005C37E2 /* Info.plist */,
				FC521D78215EE04E005C37E2 /* catUIView.swift */,
			);
			path = AutolayoutExample;
			sourceTree = "<group>";
		};
		FC521D6C215ED74C005C37E2 /* AutolayoutExampleTests */ = {
			isa = PBXGroup;
			children = (
				FC521D6D215ED74C005C37E2 /* AutolayoutExampleTests.swift */,
				FC521D6F215ED74C005C37E2 /* Info.plist */,
			);
			path = AutolayoutExampleTests;
			sourceTree = "<group>";
		};
/* End PBXGroup section */

/* Begin PBXNativeTarget section */
		FC521D54215ED74A005C37E2 /* AutolayoutExample */ = {
			isa = PBXNativeTarget;
			buildConfigurationList = FC521D72215ED74C005C37E2 /* Build configuration list for PBXNativeTarget "AutolayoutExample" */;
			buildPhases = (
				FC521D51215ED74A005C37E2 /* Sources */,
				FC521D52215ED74A005C37E2 /* Frameworks */,
				FC521D53215ED74A005C37E2 /* Resources */,
			);
			buildRules = (
			);
			dependencies = (
			);
			name = AutolayoutExample;
			productName = AutolayoutExample;
			productReference = FC521D55215ED74A005C37E2 /* AutolayoutExample.app */;
			productType = "com.apple.product-type.application";
		};
		FC521D68215ED74C005C37E2 /* AutolayoutExampleTests */ = {
			isa = PBXNativeTarget;
			buildConfigurationList = FC521D75215ED74C005C37E2 /* Build configuration list for PBXNativeTarget "AutolayoutExampleTests" */;
			buildPhases = (
				FC521D65215ED74C005C37E2 /* Sources */,
				FC521D66215ED74C005C37E2 /* Frameworks */,
				FC521D67215ED74C005C37E2 /* Resources */,
			);
			buildRules = (
			);
			dependencies = (
				FC521D6B215ED74C005C37E2 /* PBXTargetDependency */,
			);
			name = AutolayoutExampleTests;
			productName = AutolayoutExampleTests;
			productReference = FC521D69215ED74C005C37E2 /* AutolayoutExampleTests.xctest */;
			productType = "com.apple.product-type.bundle.unit-test";
		};
/* End PBXNativeTarget section */

/* Begin PBXProject section */
		FC521D4D215ED74A005C37E2 /* Project object */ = {
			isa = PBXProject;
			attributes = {
				LastSwiftUpdateCheck = 0940;
				LastUpgradeCheck = 0940;
				ORGANIZATIONNAME = "Guerrero Azpitarte Adrian";
				TargetAttributes = {
					FC521D54215ED74A005C37E2 = {
						CreatedOnToolsVersion = 9.4.1;
					};
					FC521D68215ED74C005C37E2 = {
						CreatedOnToolsVersion = 9.4.1;
						TestTargetID = FC521D54215ED74A005C37E2;
					};
				};
			};
			buildConfigurationList = FC521D50215ED74A005C37E2 /* Build configuration list for PBXProject "AutolayoutExample" */;
			compatibilityVersion = "Xcode 9.3";
			developmentRegion = en;
			hasScannedForEncodings = 0;
			knownRegions = (
				en,
				Base,
			);
			mainGroup = FC521D4C215ED74A005C37E2;
			productRefGroup = FC521D56215ED74A005C37E2 /* Products */;
			projectDirPath = "";
			projectRoot = "";
			targets = (
				FC521D54215ED74A005C37E2 /* AutolayoutExample */,
				FC521D68215ED74C005C37E2 /* AutolayoutExampleTests */,
			);
		};
/* End PBXProject section */

/* Begin PBXResourcesBuildPhase section */
		FC521D53215ED74A005C37E2 /* Resources */ = {
			isa = PBXResourcesBuildPhase;
			buildActionMask = 2147483647;
			files = (
				FC521D63215ED74C005C37E2 /* LaunchScreen.storyboard in Resources */,
				FC521D60215ED74C005C37E2 /* Assets.xcassets in Resources */,
				FC521D5E215ED74A005C37E2 /* Main.storyboard in Resources */,
			);
			runOnlyForDeploymentPostprocessing = 0;
		};
		FC521D67215ED74C005C37E2 /* Resources */ = {
			isa = PBXResourcesBuildPhase;
			buildActionMask = 2147483647;
			files = (
			);
			runOnlyForDeploymentPostprocessing = 0;
		};
/* End PBXResourcesBuildPhase section */

/* Begin PBXSourcesBuildPhase section */
		FC521D51215ED74A005C37E2 /* Sources */ = {
			isa = PBXSourcesBuildPhase;
			buildActionMask = 2147483647;
			files = (
				FC521D79215EE04E005C37E2 /* catUIView.swift in Sources */,
				FC521D5B215ED74A005C37E2 /* ViewController.swift in Sources */,
				FC521D59215ED74A005C37E2 /* AppDelegate.swift in Sources */,
			);
			runOnlyForDeploymentPostprocessing = 0;
		};
		FC521D65215ED74C005C37E2 /* Sources */ = {
			isa = PBXSourcesBuildPhase;
			buildActionMask = 2147483647;
			files = (
				FC521D6E215ED74C005C37E2 /* AutolayoutExampleTests.swift in Sources */,
			);
			runOnlyForDeploymentPostprocessing = 0;
		};
/* End PBXSourcesBuildPhase section */

/* Begin PBXTargetDependency section */
		FC521D6B215ED74C005C37E2 /* PBXTargetDependency */ = {
			isa = PBXTargetDependency;
			target = FC521D54215ED74A005C37E2 /* AutolayoutExample */;
			targetProxy = FC521D6A215ED74C005C37E2 /* PBXContainerItemProxy */;
		};
/* End PBXTargetDependency section */

/* Begin PBXVariantGroup section */
		FC521D5C215ED74A005C37E2 /* Main.storyboard */ = {
			isa = PBXVariantGroup;
			children = (
				FC521D5D215ED74A005C37E2 /* Base */,
			);
			name = Main.storyboard;
			sourceTree = "<group>";
		};
		FC521D61215ED74C005C37E2 /* LaunchScreen.storyboard */ = {
			isa = PBXVariantGroup;
			children = (
				FC521D62215ED74C005C37E2 /* Base */,
			);
			name = LaunchScreen.storyboard;
			sourceTree = "<group>";
		};
/* End PBXVariantGroup section */

/* Begin XCBuildConfiguration section */
		FC521D70215ED74C005C37E2 /* Debug */ = {
			isa = XCBuildConfiguration;
			buildSettings = {
				ALWAYS_SEARCH_USER_PATHS = NO;
				CLANG_ANALYZER_NONNULL = YES;
				CLANG_ANALYZER_NUMBER_OBJECT_CONVERSION = YES_AGGRESSIVE;
				CLANG_CXX_LANGUAGE_STANDARD = "gnu++14";
				CLANG_CXX_LIBRARY = "libc++";
				CLANG_ENABLE_MODULES = YES;
				CLANG_ENABLE_OBJC_ARC = YES;
				CLANG_ENABLE_OBJC_WEAK = YES;
				CLANG_WARN_BLOCK_CAPTURE_AUTORELEASING = YES;
				CLANG_WARN_BOOL_CONVERSION = YES;
				CLANG_WARN_COMMA = YES;
				CLANG_WARN_CONSTANT_CONVERSION = YES;
				CLANG_WARN_DEPRECATED_OBJC_IMPLEMENTATIONS = YES;
				CLANG_WARN_DIRECT_OBJC_ISA_USAGE = YES_ERROR;
				CLANG_WARN_DOCUMENTATION_COMMENTS = YES;
				CLANG_WARN_EMPTY_BODY = YES;
				CLANG_WARN_ENUM_CONVERSION = YES;
				CLANG_WARN_INFINITE_RECURSION = YES;
				CLANG_WARN_INT_CONVERSION = YES;
				CLANG_WARN_NON_LITERAL_NULL_CONVERSION = YES;
				CLANG_WARN_OBJC_IMPLICIT_RETAIN_SELF = YES;
				CLANG_WARN_OBJC_LITERAL_CONVERSION = YES;
				CLANG_WARN_OBJC_ROOT_CLASS = YES_ERROR;
				CLANG_WARN_RANGE_LOOP_ANALYSIS = YES;
				CLANG_WARN_STRICT_PROTOTYPES = YES;
				CLANG_WARN_SUSPICIOUS_MOVE = YES;
				CLANG_WARN_UNGUARDED_AVAILABILITY = YES_AGGRESSIVE;
				CLANG_WARN_UNREACHABLE_CODE = YES;
				CLANG_WARN__DUPLICATE_METHOD_MATCH = YES;
				CODE_SIGN_IDENTITY = "iPhone Developer";
				COPY_PHASE_STRIP = NO;
				DEBUG_INFORMATION_FORMAT = dwarf;
				ENABLE_STRICT_OBJC_MSGSEND = YES;
				ENABLE_TESTABILITY = YES;
				GCC_C_LANGUAGE_STANDARD = gnu11;
				GCC_DYNAMIC_NO_PIC = NO;
				GCC_NO_COMMON_BLOCKS = YES;
				GCC_OPTIMIZATION_LEVEL = 0;
				GCC_PREPROCESSOR_DEFINITIONS = (
					"DEBUG=1",
					"$(inherited)",
				);
				GCC_WARN_64_TO_32_BIT_CONVERSION = YES;
				GCC_WARN_ABOUT_RETURN_TYPE = YES_ERROR;
				GCC_WARN_UNDECLARED_SELECTOR = YES;
				GCC_WARN_UNINITIALIZED_AUTOS = YES_AGGRESSIVE;
				GCC_WARN_UNUSED_FUNCTION = YES;
				GCC_WARN_UNUSED_VARIABLE = YES;
				IPHONEOS_DEPLOYMENT_TARGET = 11.4;
				MTL_ENABLE_DEBUG_INFO = YES;
				ONLY_ACTIVE_ARCH = YES;
				SDKROOT = iphoneos;
				SWIFT_ACTIVE_COMPILATION_CONDITIONS = DEBUG;
				SWIFT_OPTIMIZATION_LEVEL = "-Onone";
			};
			name = Debug;
		};
		FC521D71215ED74C005C37E2 /* Release */ = {
			isa = XCBuildConfiguration;
			buildSettings = {
				ALWAYS_SEARCH_USER_PATHS = NO;
				CLANG_ANALYZER_NONNULL = YES;
				CLANG_ANALYZER_NUMBER_OBJECT_CONVERSION = YES_AGGRESSIVE;
				CLANG_CXX_LANGUAGE_STANDARD = "gnu++14";
				CLANG_CXX_LIBRARY = "libc++";
				CLANG_ENABLE_MODULES = YES;
				CLANG_ENABLE_OBJC_ARC = YES;
				CLANG_ENABLE_OBJC_WEAK = YES;
				CLANG_WARN_BLOCK_CAPTURE_AUTORELEASING = YES;
				CLANG_WARN_BOOL_CONVERSION = YES;
				CLANG_WARN_COMMA = YES;
				CLANG_WARN_CONSTANT_CONVERSION = YES;
				CLANG_WARN_DEPRECATED_OBJC_IMPLEMENTATIONS = YES;
				CLANG_WARN_DIRECT_OBJC_ISA_USAGE = YES_ERROR;
				CLANG_WARN_DOCUMENTATION_COMMENTS = YES;
				CLANG_WARN_EMPTY_BODY = YES;
				CLANG_WARN_ENUM_CONVERSION = YES;
				CLANG_WARN_INFINITE_RECURSION = YES;
				CLANG_WARN_INT_CONVERSION = YES;
				CLANG_WARN_NON_LITERAL_NULL_CONVERSION = YES;
				CLANG_WARN_OBJC_IMPLICIT_RETAIN_SELF = YES;
				CLANG_WARN_OBJC_LITERAL_CONVERSION = YES;
				CLANG_WARN_OBJC_ROOT_CLASS = YES_ERROR;
				CLANG_WARN_RANGE_LOOP_ANALYSIS = YES;
				CLANG_WARN_STRICT_PROTOTYPES = YES;
				CLANG_WARN_SUSPICIOUS_MOVE = YES;
				CLANG_WARN_UNGUARDED_AVAILABILITY = YES_AGGRESSIVE;
				CLANG_WARN_UNREACHABLE_CODE = YES;
				CLANG_WARN__DUPLICATE_METHOD_MATCH = YES;
				CODE_SIGN_IDENTITY = "iPhone Developer";
				COPY_PHASE_STRIP = NO;
				DEBUG_INFORMATION_FORMAT = "dwarf-with-dsym";
				ENABLE_NS_ASSERTIONS = NO;
				ENABLE_STRICT_OBJC_MSGSEND = YES;
				GCC_C_LANGUAGE_STANDARD = gnu11;
				GCC_NO_COMMON_BLOCKS = YES;
				GCC_WARN_64_TO_32_BIT_CONVERSION = YES;
				GCC_WARN_ABOUT_RETURN_TYPE = YES_ERROR;
				GCC_WARN_UNDECLARED_SELECTOR = YES;
				GCC_WARN_UNINITIALIZED_AUTOS = YES_AGGRESSIVE;
				GCC_WARN_UNUSED_FUNCTION = YES;
				GCC_WARN_UNUSED_VARIABLE = YES;
				IPHONEOS_DEPLOYMENT_TARGET = 11.4;
				MTL_ENABLE_DEBUG_INFO = NO;
				SDKROOT = iphoneos;
				SWIFT_COMPILATION_MODE = wholemodule;
				SWIFT_OPTIMIZATION_LEVEL = "-O";
				VALIDATE_PRODUCT = YES;
			};
			name = Release;
		};
		FC521D73215ED74C005C37E2 /* Debug */ = {
			isa = XCBuildConfiguration;
			buildSettings = {
				ASSETCATALOG_COMPILER_APPICON_NAME = AppIcon;
				CODE_SIGN_STYLE = Automatic;
				INFOPLIST_FILE = AutolayoutExample/Info.plist;
				LD_RUNPATH_SEARCH_PATHS = (
					"$(inherited)",
					"@executable_path/Frameworks",
				);
				PRODUCT_BUNDLE_IDENTIFIER = "Fi-Diplo.AutolayoutExample";
				PRODUCT_NAME = "$(TARGET_NAME)";
				SWIFT_VERSION = 4.0;
				TARGETED_DEVICE_FAMILY = "1,2";
			};
			name = Debug;
		};
		FC521D74215ED74C005C37E2 /* Release */ = {
			isa = XCBuildConfiguration;
			buildSettings = {
				ASSETCATALOG_COMPILER_APPICON_NAME = AppIcon;
				CODE_SIGN_STYLE = Automatic;
				INFOPLIST_FILE = AutolayoutExample/Info.plist;
				LD_RUNPATH_SEARCH_PATHS = (
					"$(inherited)",
					"@executable_path/Frameworks",
				);
				PRODUCT_BUNDLE_IDENTIFIER = "Fi-Diplo.AutolayoutExample";
				PRODUCT_NAME = "$(TARGET_NAME)";
				SWIFT_VERSION = 4.0;
				TARGETED_DEVICE_FAMILY = "1,2";
			};
			name = Release;
		};
		FC521D76215ED74C005C37E2 /* Debug */ = {
			isa = XCBuildConfiguration;
			buildSettings = {
				ALWAYS_EMBED_SWIFT_STANDARD_LIBRARIES = YES;
				BUNDLE_LOADER = "$(TEST_HOST)";
				CODE_SIGN_STYLE = Automatic;
				INFOPLIST_FILE = AutolayoutExampleTests/Info.plist;
				LD_RUNPATH_SEARCH_PATHS = (
					"$(inherited)",
					"@executable_path/Frameworks",
					"@loader_path/Frameworks",
				);
				PRODUCT_BUNDLE_IDENTIFIER = "Fi-Diplo.AutolayoutExampleTests";
				PRODUCT_NAME = "$(TARGET_NAME)";
				SWIFT_VERSION = 4.0;
				TARGETED_DEVICE_FAMILY = "1,2";
				TEST_HOST = "$(BUILT_PRODUCTS_DIR)/AutolayoutExample.app/AutolayoutExample";
			};
			name = Debug;
		};
		FC521D77215ED74C005C37E2 /* Release */ = {
			isa = XCBuildConfiguration;
			buildSettings = {
				ALWAYS_EMBED_SWIFT_STANDARD_LIBRARIES = YES;
				BUNDLE_LOADER = "$(TEST_HOST)";
				CODE_SIGN_STYLE = Automatic;
				INFOPLIST_FILE = AutolayoutExampleTests/Info.plist;
				LD_RUNPATH_SEARCH_PATHS = (
					"$(inherited)",
					"@executable_path/Frameworks",
					"@loader_path/Frameworks",
				);
				PRODUCT_BUNDLE_IDENTIFIER = "Fi-Diplo.AutolayoutExampleTests";
				PRODUCT_NAME = "$(TARGET_NAME)";
				SWIFT_VERSION = 4.0;
				TARGETED_DEVICE_FAMILY = "1,2";
				TEST_HOST = "$(BUILT_PRODUCTS_DIR)/AutolayoutExample.app/AutolayoutExample";
			};
			name = Release;
		};
/* End XCBuildConfiguration section */

/* Begin XCConfigurationList section */
		FC521D50215ED74A005C37E2 /* Build configuration list for PBXProject "AutolayoutExample" */ = {
			isa = XCConfigurationList;
			buildConfigurations = (
				FC521D70215ED74C005C37E2 /* Debug */,
				FC521D71215ED74C005C37E2 /* Release */,
			);
			defaultConfigurationIsVisible = 0;
			defaultConfigurationName = Release;
		};
		FC521D72215ED74C005C37E2 /* Build configuration list for PBXNativeTarget "AutolayoutExample" */ = {
			isa = XCConfigurationList;
			buildConfigurations = (
				FC521D73215ED74C005C37E2 /* Debug */,
				FC521D74215ED74C005C37E2 /* Release */,
			);
			defaultConfigurationIsVisible = 0;
			defaultConfigurationName = Release;
		};
		FC521D75215ED74C005C37E2 /* Build configuration list for PBXNativeTarget "AutolayoutExampleTests" */ = {
			isa = XCConfigurationList;
			buildConfigurations = (
				FC521D76215ED74C005C37E2 /* Debug */,
				FC521D77215ED74C005C37E2 /* Release */,
			);
			defaultConfigurationIsVisible = 0;
			defaultConfigurationName = Release;
		};
/* End XCConfigurationList section */
	};
	rootObject = FC521D4D215ED74A005C37E2 /* Project object */;
}
