// !$*UTF8*$!
{
	archiveVersion = 1;
	classes = {
	};
	objectVersion = 50;
	objects = {

/* Begin PBXBuildFile section */
		FC31B6AC2184C87F00CBAB3E /* AppDelegate.swift in Sources */ = {isa = PBXBuildFile; fileRef = FC31B6AB2184C87F00CBAB3E /* AppDelegate.swift */; };
		FC31B6AE2184C87F00CBAB3E /* ViewController.swift in Sources */ = {isa = PBXBuildFile; fileRef = FC31B6AD2184C87F00CBAB3E /* ViewController.swift */; };
		FC31B6B12184C87F00CBAB3E /* Main.storyboard in Resources */ = {isa = PBXBuildFile; fileRef = FC31B6AF2184C87F00CBAB3E /* Main.storyboard */; };
		FC31B6B32184C88000CBAB3E /* Assets.xcassets in Resources */ = {isa = PBXBuildFile; fileRef = FC31B6B22184C88000CBAB3E /* Assets.xcassets */; };
		FC31B6B62184C88000CBAB3E /* LaunchScreen.storyboard in Resources */ = {isa = PBXBuildFile; fileRef = FC31B6B42184C88000CBAB3E /* LaunchScreen.storyboard */; };
		FC31B6BE2184C8A100CBAB3E /* SBprueba.storyboard in Resources */ = {isa = PBXBuildFile; fileRef = FC31B6BD2184C8A100CBAB3E /* SBprueba.storyboard */; };
		FC31B6C02184C8BC00CBAB3E /* SBprueba.storyboard in Resources */ = {isa = PBXBuildFile; fileRef = FC31B6BF2184C8BC00CBAB3E /* SBprueba.storyboard */; };
/* End PBXBuildFile section */

/* Begin PBXFileReference section */
		FC31B6A82184C87F00CBAB3E /* refactorSB.app */ = {isa = PBXFileReference; explicitFileType = wrapper.application; includeInIndex = 0; path = refactorSB.app; sourceTree = BUILT_PRODUCTS_DIR; };
		FC31B6AB2184C87F00CBAB3E /* AppDelegate.swift */ = {isa = PBXFileReference; lastKnownFileType = sourcecode.swift; path = AppDelegate.swift; sourceTree = "<group>"; };
		FC31B6AD2184C87F00CBAB3E /* ViewController.swift */ = {isa = PBXFileReference; lastKnownFileType = sourcecode.swift; path = ViewController.swift; sourceTree = "<group>"; };
		FC31B6B02184C87F00CBAB3E /* Base */ = {isa = PBXFileReference; lastKnownFileType = file.storyboard; name = Base; path = Base.lproj/Main.storyboard; sourceTree = "<group>"; };
		FC31B6B22184C88000CBAB3E /* Assets.xcassets */ = {isa = PBXFileReference; lastKnownFileType = folder.assetcatalog; path = Assets.xcassets; sourceTree = "<group>"; };
		FC31B6B52184C88000CBAB3E /* Base */ = {isa = PBXFileReference; lastKnownFileType = file.storyboard; name = Base; path = Base.lproj/LaunchScreen.storyboard; sourceTree = "<group>"; };
		FC31B6B72184C88000CBAB3E /* Info.plist */ = {isa = PBXFileReference; lastKnownFileType = text.plist.xml; path = Info.plist; sourceTree = "<group>"; };
		FC31B6BD2184C8A100CBAB3E /* SBprueba.storyboard */ = {isa = PBXFileReference; lastKnownFileType = file.storyboard; path = SBprueba.storyboard; sourceTree = "<group>"; };
		FC31B6BF2184C8BC00CBAB3E /* SBprueba.storyboard */ = {isa = PBXFileReference; fileEncoding = 4; lastKnownFileType = file.storyboard; path = SBprueba.storyboard; sourceTree = "<group>"; };
/* End PBXFileReference section */

/* Begin PBXFrameworksBuildPhase section */
		FC31B6A52184C87F00CBAB3E /* Frameworks */ = {
			isa = PBXFrameworksBuildPhase;
			buildActionMask = 2147483647;
			files = (
			);
			runOnlyForDeploymentPostprocessing = 0;
		};
/* End PBXFrameworksBuildPhase section */

/* Begin PBXGroup section */
		FC31B69F2184C87F00CBAB3E = {
			isa = PBXGroup;
			children = (
				FC31B6AA2184C87F00CBAB3E /* refactorSB */,
				FC31B6A92184C87F00CBAB3E /* Products */,
			);
			sourceTree = "<group>";
		};
		FC31B6A92184C87F00CBAB3E /* Products */ = {
			isa = PBXGroup;
			children = (
				FC31B6A82184C87F00CBAB3E /* refactorSB.app */,
			);
			name = Products;
			sourceTree = "<group>";
		};
		FC31B6AA2184C87F00CBAB3E /* refactorSB */ = {
			isa = PBXGroup;
			children = (
				FC31B6AB2184C87F00CBAB3E /* AppDelegate.swift */,
				FC31B6AD2184C87F00CBAB3E /* ViewController.swift */,
				FC31B6AF2184C87F00CBAB3E /* Main.storyboard */,
				FC31B6B22184C88000CBAB3E /* Assets.xcassets */,
				FC31B6B42184C88000CBAB3E /* LaunchScreen.storyboard */,
				FC31B6B72184C88000CBAB3E /* Info.plist */,
				FC31B6BD2184C8A100CBAB3E /* SBprueba.storyboard */,
				FC31B6BF2184C8BC00CBAB3E /* SBprueba.storyboard */,
			);
			path = refactorSB;
			sourceTree = "<group>";
		};
/* End PBXGroup section */

/* Begin PBXNativeTarget section */
		FC31B6A72184C87F00CBAB3E /* refactorSB */ = {
			isa = PBXNativeTarget;
			buildConfigurationList = FC31B6BA2184C88000CBAB3E /* Build configuration list for PBXNativeTarget "refactorSB" */;
			buildPhases = (
				FC31B6A42184C87F00CBAB3E /* Sources */,
				FC31B6A52184C87F00CBAB3E /* Frameworks */,
				FC31B6A62184C87F00CBAB3E /* Resources */,
			);
			buildRules = (
			);
			dependencies = (
			);
			name = refactorSB;
			productName = refactorSB;
			productReference = FC31B6A82184C87F00CBAB3E /* refactorSB.app */;
			productType = "com.apple.product-type.application";
		};
/* End PBXNativeTarget section */

/* Begin PBXProject section */
		FC31B6A02184C87F00CBAB3E /* Project object */ = {
			isa = PBXProject;
			attributes = {
				LastSwiftUpdateCheck = 0940;
				LastUpgradeCheck = 0940;
				ORGANIZATIONNAME = "Guerrero Azpitarte Adrian";
				TargetAttributes = {
					FC31B6A72184C87F00CBAB3E = {
						CreatedOnToolsVersion = 9.4.1;
					};
				};
			};
			buildConfigurationList = FC31B6A32184C87F00CBAB3E /* Build configuration list for PBXProject "refactorSB" */;
			compatibilityVersion = "Xcode 9.3";
			developmentRegion = en;
			hasScannedForEncodings = 0;
			knownRegions = (
				en,
				Base,
			);
			mainGroup = FC31B69F2184C87F00CBAB3E;
			productRefGroup = FC31B6A92184C87F00CBAB3E /* Products */;
			projectDirPath = "";
			projectRoot = "";
			targets = (
				FC31B6A72184C87F00CBAB3E /* refactorSB */,
			);
		};
/* End PBXProject section */

/* Begin PBXResourcesBuildPhase section */
		FC31B6A62184C87F00CBAB3E /* Resources */ = {
			isa = PBXResourcesBuildPhase;
			buildActionMask = 2147483647;
			files = (
				FC31B6B62184C88000CBAB3E /* LaunchScreen.storyboard in Resources */,
				FC31B6B32184C88000CBAB3E /* Assets.xcassets in Resources */,
				FC31B6BE2184C8A100CBAB3E /* SBprueba.storyboard in Resources */,
				FC31B6B12184C87F00CBAB3E /* Main.storyboard in Resources */,
				FC31B6C02184C8BC00CBAB3E /* SBprueba.storyboard in Resources */,
			);
			runOnlyForDeploymentPostprocessing = 0;
		};
/* End PBXResourcesBuildPhase section */

/* Begin PBXSourcesBuildPhase section */
		FC31B6A42184C87F00CBAB3E /* Sources */ = {
			isa = PBXSourcesBuildPhase;
			buildActionMask = 2147483647;
			files = (
				FC31B6AE2184C87F00CBAB3E /* ViewController.swift in Sources */,
				FC31B6AC2184C87F00CBAB3E /* AppDelegate.swift in Sources */,
			);
			runOnlyForDeploymentPostprocessing = 0;
		};
/* End PBXSourcesBuildPhase section */

/* Begin PBXVariantGroup section */
		FC31B6AF2184C87F00CBAB3E /* Main.storyboard */ = {
			isa = PBXVariantGroup;
			children = (
				FC31B6B02184C87F00CBAB3E /* Base */,
			);
			name = Main.storyboard;
			sourceTree = "<group>";
		};
		FC31B6B42184C88000CBAB3E /* LaunchScreen.storyboard */ = {
			isa = PBXVariantGroup;
			children = (
				FC31B6B52184C88000CBAB3E /* Base */,
			);
			name = LaunchScreen.storyboard;
			sourceTree = "<group>";
		};
/* End PBXVariantGroup section */

/* Begin XCBuildConfiguration section */
		FC31B6B82184C88000CBAB3E /* Debug */ = {
			isa = XCBuildConfiguration;
			buildSettings = {
				ALWAYS_SEARCH_USER_PATHS = NO;
				CLANG_ANALYZER_NONNULL = YES;
				CLANG_ANALYZER_NUMBER_OBJECT_CONVERSION = YES_AGGRESSIVE;
				CLANG_CXX_LANGUAGE_STANDARD = "gnu++14";
				CLANG_CXX_LIBRARY = "libc++";
				CLANG_ENABLE_MODULES = YES;
				CLANG_ENABLE_OBJC_ARC = YES;
				CLANG_ENABLE_OBJC_WEAK = YES;
				CLANG_WARN_BLOCK_CAPTURE_AUTORELEASING = YES;
				CLANG_WARN_BOOL_CONVERSION = YES;
				CLANG_WARN_COMMA = YES;
				CLANG_WARN_CONSTANT_CONVERSION = YES;
				CLANG_WARN_DEPRECATED_OBJC_IMPLEMENTATIONS = YES;
				CLANG_WARN_DIRECT_OBJC_ISA_USAGE = YES_ERROR;
				CLANG_WARN_DOCUMENTATION_COMMENTS = YES;
				CLANG_WARN_EMPTY_BODY = YES;
				CLANG_WARN_ENUM_CONVERSION = YES;
				CLANG_WARN_INFINITE_RECURSION = YES;
				CLANG_WARN_INT_CONVERSION = YES;
				CLANG_WARN_NON_LITERAL_NULL_CONVERSION = YES;
				CLANG_WARN_OBJC_IMPLICIT_RETAIN_SELF = YES;
				CLANG_WARN_OBJC_LITERAL_CONVERSION = YES;
				CLANG_WARN_OBJC_ROOT_CLASS = YES_ERROR;
				CLANG_WARN_RANGE_LOOP_ANALYSIS = YES;
				CLANG_WARN_STRICT_PROTOTYPES = YES;
				CLANG_WARN_SUSPICIOUS_MOVE = YES;
				CLANG_WARN_UNGUARDED_AVAILABILITY = YES_AGGRESSIVE;
				CLANG_WARN_UNREACHABLE_CODE = YES;
				CLANG_WARN__DUPLICATE_METHOD_MATCH = YES;
				CODE_SIGN_IDENTITY = "iPhone Developer";
				COPY_PHASE_STRIP = NO;
				DEBUG_INFORMATION_FORMAT = dwarf;
				ENABLE_STRICT_OBJC_MSGSEND = YES;
				ENABLE_TESTABILITY = YES;
				GCC_C_LANGUAGE_STANDARD = gnu11;
				GCC_DYNAMIC_NO_PIC = NO;
				GCC_NO_COMMON_BLOCKS = YES;
				GCC_OPTIMIZATION_LEVEL = 0;
				GCC_PREPROCESSOR_DEFINITIONS = (
					"DEBUG=1",
					"$(inherited)",
				);
				GCC_WARN_64_TO_32_BIT_CONVERSION = YES;
				GCC_WARN_ABOUT_RETURN_TYPE = YES_ERROR;
				GCC_WARN_UNDECLARED_SELECTOR = YES;
				GCC_WARN_UNINITIALIZED_AUTOS = YES_AGGRESSIVE;
				GCC_WARN_UNUSED_FUNCTION = YES;
				GCC_WARN_UNUSED_VARIABLE = YES;
				IPHONEOS_DEPLOYMENT_TARGET = 11.4;
				MTL_ENABLE_DEBUG_INFO = YES;
				ONLY_ACTIVE_ARCH = YES;
				SDKROOT = iphoneos;
				SWIFT_ACTIVE_COMPILATION_CONDITIONS = DEBUG;
				SWIFT_OPTIMIZATION_LEVEL = "-Onone";
			};
			name = Debug;
		};
		FC31B6B92184C88000CBAB3E /* Release */ = {
			isa = XCBuildConfiguration;
			buildSettings = {
				ALWAYS_SEARCH_USER_PATHS = NO;
				CLANG_ANALYZER_NONNULL = YES;
				CLANG_ANALYZER_NUMBER_OBJECT_CONVERSION = YES_AGGRESSIVE;
				CLANG_CXX_LANGUAGE_STANDARD = "gnu++14";
				CLANG_CXX_LIBRARY = "libc++";
				CLANG_ENABLE_MODULES = YES;
				CLANG_ENABLE_OBJC_ARC = YES;
				CLANG_ENABLE_OBJC_WEAK = YES;
				CLANG_WARN_BLOCK_CAPTURE_AUTORELEASING = YES;
				CLANG_WARN_BOOL_CONVERSION = YES;
				CLANG_WARN_COMMA = YES;
				CLANG_WARN_CONSTANT_CONVERSION = YES;
				CLANG_WARN_DEPRECATED_OBJC_IMPLEMENTATIONS = YES;
				CLANG_WARN_DIRECT_OBJC_ISA_USAGE = YES_ERROR;
				CLANG_WARN_DOCUMENTATION_COMMENTS = YES;
				CLANG_WARN_EMPTY_BODY = YES;
				CLANG_WARN_ENUM_CONVERSION = YES;
				CLANG_WARN_INFINITE_RECURSION = YES;
				CLANG_WARN_INT_CONVERSION = YES;
				CLANG_WARN_NON_LITERAL_NULL_CONVERSION = YES;
				CLANG_WARN_OBJC_IMPLICIT_RETAIN_SELF = YES;
				CLANG_WARN_OBJC_LITERAL_CONVERSION = YES;
				CLANG_WARN_OBJC_ROOT_CLASS = YES_ERROR;
				CLANG_WARN_RANGE_LOOP_ANALYSIS = YES;
				CLANG_WARN_STRICT_PROTOTYPES = YES;
				CLANG_WARN_SUSPICIOUS_MOVE = YES;
				CLANG_WARN_UNGUARDED_AVAILABILITY = YES_AGGRESSIVE;
				CLANG_WARN_UNREACHABLE_CODE = YES;
				CLANG_WARN__DUPLICATE_METHOD_MATCH = YES;
				CODE_SIGN_IDENTITY = "iPhone Developer";
				COPY_PHASE_STRIP = NO;
				DEBUG_INFORMATION_FORMAT = "dwarf-with-dsym";
				ENABLE_NS_ASSERTIONS = NO;
				ENABLE_STRICT_OBJC_MSGSEND = YES;
				GCC_C_LANGUAGE_STANDARD = gnu11;
				GCC_NO_COMMON_BLOCKS = YES;
				GCC_WARN_64_TO_32_BIT_CONVERSION = YES;
				GCC_WARN_ABOUT_RETURN_TYPE = YES_ERROR;
				GCC_WARN_UNDECLARED_SELECTOR = YES;
				GCC_WARN_UNINITIALIZED_AUTOS = YES_AGGRESSIVE;
				GCC_WARN_UNUSED_FUNCTION = YES;
				GCC_WARN_UNUSED_VARIABLE = YES;
				IPHONEOS_DEPLOYMENT_TARGET = 11.4;
				MTL_ENABLE_DEBUG_INFO = NO;
				SDKROOT = iphoneos;
				SWIFT_COMPILATION_MODE = wholemodule;
				SWIFT_OPTIMIZATION_LEVEL = "-O";
				VALIDATE_PRODUCT = YES;
			};
			name = Release;
		};
		FC31B6BB2184C88000CBAB3E /* Debug */ = {
			isa = XCBuildConfiguration;
			buildSettings = {
				ASSETCATALOG_COMPILER_APPICON_NAME = AppIcon;
				CODE_SIGN_STYLE = Automatic;
				INFOPLIST_FILE = refactorSB/Info.plist;
				LD_RUNPATH_SEARCH_PATHS = (
					"$(inherited)",
					"@executable_path/Frameworks",
				);
				PRODUCT_BUNDLE_IDENTIFIER = "Fi-Diplo.refactorSB";
				PRODUCT_NAME = "$(TARGET_NAME)";
				SWIFT_VERSION = 4.0;
				TARGETED_DEVICE_FAMILY = "1,2";
			};
			name = Debug;
		};
		FC31B6BC2184C88000CBAB3E /* Release */ = {
			isa = XCBuildConfiguration;
			buildSettings = {
				ASSETCATALOG_COMPILER_APPICON_NAME = AppIcon;
				CODE_SIGN_STYLE = Automatic;
				INFOPLIST_FILE = refactorSB/Info.plist;
				LD_RUNPATH_SEARCH_PATHS = (
					"$(inherited)",
					"@executable_path/Frameworks",
				);
				PRODUCT_BUNDLE_IDENTIFIER = "Fi-Diplo.refactorSB";
				PRODUCT_NAME = "$(TARGET_NAME)";
				SWIFT_VERSION = 4.0;
				TARGETED_DEVICE_FAMILY = "1,2";
			};
			name = Release;
		};
/* End XCBuildConfiguration section */

/* Begin XCConfigurationList section */
		FC31B6A32184C87F00CBAB3E /* Build configuration list for PBXProject "refactorSB" */ = {
			isa = XCConfigurationList;
			buildConfigurations = (
				FC31B6B82184C88000CBAB3E /* Debug */,
				FC31B6B92184C88000CBAB3E /* Release */,
			);
			defaultConfigurationIsVisible = 0;
			defaultConfigurationName = Release;
		};
		FC31B6BA2184C88000CBAB3E /* Build configuration list for PBXNativeTarget "refactorSB" */ = {
			isa = XCConfigurationList;
			buildConfigurations = (
				FC31B6BB2184C88000CBAB3E /* Debug */,
				FC31B6BC2184C88000CBAB3E /* Release */,
			);
			defaultConfigurationIsVisible = 0;
			defaultConfigurationName = Release;
		};
/* End XCConfigurationList section */
	};
	rootObject = FC31B6A02184C87F00CBAB3E /* Project object */;
}
