// !$*UTF8*$!
{
	archiveVersion = 1;
	classes = {
	};
	objectVersion = 50;
	objects = {

/* Begin PBXBuildFile section */
		FC4D3964214C6CD300D11C03 /* AppDelegate.swift in Sources */ = {isa = PBXBuildFile; fileRef = FC4D3963214C6CD300D11C03 /* AppDelegate.swift */; };
		FC4D3966214C6CD300D11C03 /* MasterViewController.swift in Sources */ = {isa = PBXBuildFile; fileRef = FC4D3965214C6CD300D11C03 /* MasterViewController.swift */; };
		FC4D3968214C6CD300D11C03 /* DetailViewController.swift in Sources */ = {isa = PBXBuildFile; fileRef = FC4D3967214C6CD300D11C03 /* DetailViewController.swift */; };
		FC4D396B214C6CD300D11C03 /* Main.storyboard in Resources */ = {isa = PBXBuildFile; fileRef = FC4D3969214C6CD300D11C03 /* Main.storyboard */; };
		FC4D396D214C6CD400D11C03 /* Assets.xcassets in Resources */ = {isa = PBXBuildFile; fileRef = FC4D396C214C6CD400D11C03 /* Assets.xcassets */; };
		FC4D3970214C6CD400D11C03 /* LaunchScreen.storyboard in Resources */ = {isa = PBXBuildFile; fileRef = FC4D396E214C6CD400D11C03 /* LaunchScreen.storyboard */; };
		FC4D397B214C6CD400D11C03 /* plasticFishes_mvcTests.swift in Sources */ = {isa = PBXBuildFile; fileRef = FC4D397A214C6CD400D11C03 /* plasticFishes_mvcTests.swift */; };
/* End PBXBuildFile section */

/* Begin PBXContainerItemProxy section */
		FC4D3977214C6CD400D11C03 /* PBXContainerItemProxy */ = {
			isa = PBXContainerItemProxy;
			containerPortal = FC4D3958214C6CD300D11C03 /* Project object */;
			proxyType = 1;
			remoteGlobalIDString = FC4D395F214C6CD300D11C03;
			remoteInfo = "plasticFishes-mvc";
		};
/* End PBXContainerItemProxy section */

/* Begin PBXFileReference section */
		FC4D3960214C6CD300D11C03 /* plasticFishes-mvc.app */ = {isa = PBXFileReference; explicitFileType = wrapper.application; includeInIndex = 0; path = "plasticFishes-mvc.app"; sourceTree = BUILT_PRODUCTS_DIR; };
		FC4D3963214C6CD300D11C03 /* AppDelegate.swift */ = {isa = PBXFileReference; lastKnownFileType = sourcecode.swift; path = AppDelegate.swift; sourceTree = "<group>"; };
		FC4D3965214C6CD300D11C03 /* MasterViewController.swift */ = {isa = PBXFileReference; lastKnownFileType = sourcecode.swift; path = MasterViewController.swift; sourceTree = "<group>"; };
		FC4D3967214C6CD300D11C03 /* DetailViewController.swift */ = {isa = PBXFileReference; lastKnownFileType = sourcecode.swift; path = DetailViewController.swift; sourceTree = "<group>"; };
		FC4D396A214C6CD300D11C03 /* Base */ = {isa = PBXFileReference; lastKnownFileType = file.storyboard; name = Base; path = Base.lproj/Main.storyboard; sourceTree = "<group>"; };
		FC4D396C214C6CD400D11C03 /* Assets.xcassets */ = {isa = PBXFileReference; lastKnownFileType = folder.assetcatalog; path = Assets.xcassets; sourceTree = "<group>"; };
		FC4D396F214C6CD400D11C03 /* Base */ = {isa = PBXFileReference; lastKnownFileType = file.storyboard; name = Base; path = Base.lproj/LaunchScreen.storyboard; sourceTree = "<group>"; };
		FC4D3971214C6CD400D11C03 /* Info.plist */ = {isa = PBXFileReference; lastKnownFileType = text.plist.xml; path = Info.plist; sourceTree = "<group>"; };
		FC4D3976214C6CD400D11C03 /* plasticFishes-mvcTests.xctest */ = {isa = PBXFileReference; explicitFileType = wrapper.cfbundle; includeInIndex = 0; path = "plasticFishes-mvcTests.xctest"; sourceTree = BUILT_PRODUCTS_DIR; };
		FC4D397A214C6CD400D11C03 /* plasticFishes_mvcTests.swift */ = {isa = PBXFileReference; lastKnownFileType = sourcecode.swift; path = plasticFishes_mvcTests.swift; sourceTree = "<group>"; };
		FC4D397C214C6CD500D11C03 /* Info.plist */ = {isa = PBXFileReference; lastKnownFileType = text.plist.xml; path = Info.plist; sourceTree = "<group>"; };
/* End PBXFileReference section */

/* Begin PBXFrameworksBuildPhase section */
		FC4D395D214C6CD300D11C03 /* Frameworks */ = {
			isa = PBXFrameworksBuildPhase;
			buildActionMask = 2147483647;
			files = (
			);
			runOnlyForDeploymentPostprocessing = 0;
		};
		FC4D3973214C6CD400D11C03 /* Frameworks */ = {
			isa = PBXFrameworksBuildPhase;
			buildActionMask = 2147483647;
			files = (
			);
			runOnlyForDeploymentPostprocessing = 0;
		};
/* End PBXFrameworksBuildPhase section */

/* Begin PBXGroup section */
		FC4D3957214C6CD300D11C03 = {
			isa = PBXGroup;
			children = (
				FC4D3962214C6CD300D11C03 /* plasticFishes-mvc */,
				FC4D3979214C6CD400D11C03 /* plasticFishes-mvcTests */,
				FC4D3961214C6CD300D11C03 /* Products */,
			);
			sourceTree = "<group>";
		};
		FC4D3961214C6CD300D11C03 /* Products */ = {
			isa = PBXGroup;
			children = (
				FC4D3960214C6CD300D11C03 /* plasticFishes-mvc.app */,
				FC4D3976214C6CD400D11C03 /* plasticFishes-mvcTests.xctest */,
			);
			name = Products;
			sourceTree = "<group>";
		};
		FC4D3962214C6CD300D11C03 /* plasticFishes-mvc */ = {
			isa = PBXGroup;
			children = (
				FC4D3986214C711500D11C03 /* models */,
				FC4D3985214C710B00D11C03 /* Controller */,
				FC4D3987214C712400D11C03 /* Views */,
				FC4D3963214C6CD300D11C03 /* AppDelegate.swift */,
				FC4D3969214C6CD300D11C03 /* Main.storyboard */,
				FC4D396C214C6CD400D11C03 /* Assets.xcassets */,
				FC4D396E214C6CD400D11C03 /* LaunchScreen.storyboard */,
				FC4D3971214C6CD400D11C03 /* Info.plist */,
			);
			path = "plasticFishes-mvc";
			sourceTree = "<group>";
		};
		FC4D3979214C6CD400D11C03 /* plasticFishes-mvcTests */ = {
			isa = PBXGroup;
			children = (
				FC4D397A214C6CD400D11C03 /* plasticFishes_mvcTests.swift */,
				FC4D397C214C6CD500D11C03 /* Info.plist */,
			);
			path = "plasticFishes-mvcTests";
			sourceTree = "<group>";
		};
		FC4D3985214C710B00D11C03 /* Controller */ = {
			isa = PBXGroup;
			children = (
				FC4D3965214C6CD300D11C03 /* MasterViewController.swift */,
				FC4D3967214C6CD300D11C03 /* DetailViewController.swift */,
			);
			path = Controller;
			sourceTree = "<group>";
		};
		FC4D3986214C711500D11C03 /* models */ = {
			isa = PBXGroup;
			children = (
			);
			path = models;
			sourceTree = "<group>";
		};
		FC4D3987214C712400D11C03 /* Views */ = {
			isa = PBXGroup;
			children = (
			);
			path = Views;
			sourceTree = "<group>";
		};
/* End PBXGroup section */

/* Begin PBXNativeTarget section */
		FC4D395F214C6CD300D11C03 /* plasticFishes-mvc */ = {
			isa = PBXNativeTarget;
			buildConfigurationList = FC4D397F214C6CD500D11C03 /* Build configuration list for PBXNativeTarget "plasticFishes-mvc" */;
			buildPhases = (
				FC4D395C214C6CD300D11C03 /* Sources */,
				FC4D395D214C6CD300D11C03 /* Frameworks */,
				FC4D395E214C6CD300D11C03 /* Resources */,
			);
			buildRules = (
			);
			dependencies = (
			);
			name = "plasticFishes-mvc";
			productName = "plasticFishes-mvc";
			productReference = FC4D3960214C6CD300D11C03 /* plasticFishes-mvc.app */;
			productType = "com.apple.product-type.application";
		};
		FC4D3975214C6CD400D11C03 /* plasticFishes-mvcTests */ = {
			isa = PBXNativeTarget;
			buildConfigurationList = FC4D3982214C6CD500D11C03 /* Build configuration list for PBXNativeTarget "plasticFishes-mvcTests" */;
			buildPhases = (
				FC4D3972214C6CD400D11C03 /* Sources */,
				FC4D3973214C6CD400D11C03 /* Frameworks */,
				FC4D3974214C6CD400D11C03 /* Resources */,
			);
			buildRules = (
			);
			dependencies = (
				FC4D3978214C6CD400D11C03 /* PBXTargetDependency */,
			);
			name = "plasticFishes-mvcTests";
			productName = "plasticFishes-mvcTests";
			productReference = FC4D3976214C6CD400D11C03 /* plasticFishes-mvcTests.xctest */;
			productType = "com.apple.product-type.bundle.unit-test";
		};
/* End PBXNativeTarget section */

/* Begin PBXProject section */
		FC4D3958214C6CD300D11C03 /* Project object */ = {
			isa = PBXProject;
			attributes = {
				LastSwiftUpdateCheck = 0940;
				LastUpgradeCheck = 0940;
				ORGANIZATIONNAME = "Guerrero Azpitarte Adrian";
				TargetAttributes = {
					FC4D395F214C6CD300D11C03 = {
						CreatedOnToolsVersion = 9.4.1;
					};
					FC4D3975214C6CD400D11C03 = {
						CreatedOnToolsVersion = 9.4.1;
						TestTargetID = FC4D395F214C6CD300D11C03;
					};
				};
			};
			buildConfigurationList = FC4D395B214C6CD300D11C03 /* Build configuration list for PBXProject "plasticFishes-mvc" */;
			compatibilityVersion = "Xcode 9.3";
			developmentRegion = en;
			hasScannedForEncodings = 0;
			knownRegions = (
				en,
				Base,
			);
			mainGroup = FC4D3957214C6CD300D11C03;
			productRefGroup = FC4D3961214C6CD300D11C03 /* Products */;
			projectDirPath = "";
			projectRoot = "";
			targets = (
				FC4D395F214C6CD300D11C03 /* plasticFishes-mvc */,
				FC4D3975214C6CD400D11C03 /* plasticFishes-mvcTests */,
			);
		};
/* End PBXProject section */

/* Begin PBXResourcesBuildPhase section */
		FC4D395E214C6CD300D11C03 /* Resources */ = {
			isa = PBXResourcesBuildPhase;
			buildActionMask = 2147483647;
			files = (
				FC4D3970214C6CD400D11C03 /* LaunchScreen.storyboard in Resources */,
				FC4D396D214C6CD400D11C03 /* Assets.xcassets in Resources */,
				FC4D396B214C6CD300D11C03 /* Main.storyboard in Resources */,
			);
			runOnlyForDeploymentPostprocessing = 0;
		};
		FC4D3974214C6CD400D11C03 /* Resources */ = {
			isa = PBXResourcesBuildPhase;
			buildActionMask = 2147483647;
			files = (
			);
			runOnlyForDeploymentPostprocessing = 0;
		};
/* End PBXResourcesBuildPhase section */

/* Begin PBXSourcesBuildPhase section */
		FC4D395C214C6CD300D11C03 /* Sources */ = {
			isa = PBXSourcesBuildPhase;
			buildActionMask = 2147483647;
			files = (
				FC4D3968214C6CD300D11C03 /* DetailViewController.swift in Sources */,
				FC4D3966214C6CD300D11C03 /* MasterViewController.swift in Sources */,
				FC4D3964214C6CD300D11C03 /* AppDelegate.swift in Sources */,
			);
			runOnlyForDeploymentPostprocessing = 0;
		};
		FC4D3972214C6CD400D11C03 /* Sources */ = {
			isa = PBXSourcesBuildPhase;
			buildActionMask = 2147483647;
			files = (
				FC4D397B214C6CD400D11C03 /* plasticFishes_mvcTests.swift in Sources */,
			);
			runOnlyForDeploymentPostprocessing = 0;
		};
/* End PBXSourcesBuildPhase section */

/* Begin PBXTargetDependency section */
		FC4D3978214C6CD400D11C03 /* PBXTargetDependency */ = {
			isa = PBXTargetDependency;
			target = FC4D395F214C6CD300D11C03 /* plasticFishes-mvc */;
			targetProxy = FC4D3977214C6CD400D11C03 /* PBXContainerItemProxy */;
		};
/* End PBXTargetDependency section */

/* Begin PBXVariantGroup section */
		FC4D3969214C6CD300D11C03 /* Main.storyboard */ = {
			isa = PBXVariantGroup;
			children = (
				FC4D396A214C6CD300D11C03 /* Base */,
			);
			name = Main.storyboard;
			sourceTree = "<group>";
		};
		FC4D396E214C6CD400D11C03 /* LaunchScreen.storyboard */ = {
			isa = PBXVariantGroup;
			children = (
				FC4D396F214C6CD400D11C03 /* Base */,
			);
			name = LaunchScreen.storyboard;
			sourceTree = "<group>";
		};
/* End PBXVariantGroup section */

/* Begin XCBuildConfiguration section */
		FC4D397D214C6CD500D11C03 /* Debug */ = {
			isa = XCBuildConfiguration;
			buildSettings = {
				ALWAYS_SEARCH_USER_PATHS = NO;
				CLANG_ANALYZER_NONNULL = YES;
				CLANG_ANALYZER_NUMBER_OBJECT_CONVERSION = YES_AGGRESSIVE;
				CLANG_CXX_LANGUAGE_STANDARD = "gnu++14";
				CLANG_CXX_LIBRARY = "libc++";
				CLANG_ENABLE_MODULES = YES;
				CLANG_ENABLE_OBJC_ARC = YES;
				CLANG_ENABLE_OBJC_WEAK = YES;
				CLANG_WARN_BLOCK_CAPTURE_AUTORELEASING = YES;
				CLANG_WARN_BOOL_CONVERSION = YES;
				CLANG_WARN_COMMA = YES;
				CLANG_WARN_CONSTANT_CONVERSION = YES;
				CLANG_WARN_DEPRECATED_OBJC_IMPLEMENTATIONS = YES;
				CLANG_WARN_DIRECT_OBJC_ISA_USAGE = YES_ERROR;
				CLANG_WARN_DOCUMENTATION_COMMENTS = YES;
				CLANG_WARN_EMPTY_BODY = YES;
				CLANG_WARN_ENUM_CONVERSION = YES;
				CLANG_WARN_INFINITE_RECURSION = YES;
				CLANG_WARN_INT_CONVERSION = YES;
				CLANG_WARN_NON_LITERAL_NULL_CONVERSION = YES;
				CLANG_WARN_OBJC_IMPLICIT_RETAIN_SELF = YES;
				CLANG_WARN_OBJC_LITERAL_CONVERSION = YES;
				CLANG_WARN_OBJC_ROOT_CLASS = YES_ERROR;
				CLANG_WARN_RANGE_LOOP_ANALYSIS = YES;
				CLANG_WARN_STRICT_PROTOTYPES = YES;
				CLANG_WARN_SUSPICIOUS_MOVE = YES;
				CLANG_WARN_UNGUARDED_AVAILABILITY = YES_AGGRESSIVE;
				CLANG_WARN_UNREACHABLE_CODE = YES;
				CLANG_WARN__DUPLICATE_METHOD_MATCH = YES;
				CODE_SIGN_IDENTITY = "iPhone Developer";
				COPY_PHASE_STRIP = NO;
				DEBUG_INFORMATION_FORMAT = dwarf;
				ENABLE_STRICT_OBJC_MSGSEND = YES;
				ENABLE_TESTABILITY = YES;
				GCC_C_LANGUAGE_STANDARD = gnu11;
				GCC_DYNAMIC_NO_PIC = NO;
				GCC_NO_COMMON_BLOCKS = YES;
				GCC_OPTIMIZATION_LEVEL = 0;
				GCC_PREPROCESSOR_DEFINITIONS = (
					"DEBUG=1",
					"$(inherited)",
				);
				GCC_WARN_64_TO_32_BIT_CONVERSION = YES;
				GCC_WARN_ABOUT_RETURN_TYPE = YES_ERROR;
				GCC_WARN_UNDECLARED_SELECTOR = YES;
				GCC_WARN_UNINITIALIZED_AUTOS = YES_AGGRESSIVE;
				GCC_WARN_UNUSED_FUNCTION = YES;
				GCC_WARN_UNUSED_VARIABLE = YES;
				IPHONEOS_DEPLOYMENT_TARGET = 11.4;
				MTL_ENABLE_DEBUG_INFO = YES;
				ONLY_ACTIVE_ARCH = YES;
				SDKROOT = iphoneos;
				SWIFT_ACTIVE_COMPILATION_CONDITIONS = DEBUG;
				SWIFT_OPTIMIZATION_LEVEL = "-Onone";
			};
			name = Debug;
		};
		FC4D397E214C6CD500D11C03 /* Release */ = {
			isa = XCBuildConfiguration;
			buildSettings = {
				ALWAYS_SEARCH_USER_PATHS = NO;
				CLANG_ANALYZER_NONNULL = YES;
				CLANG_ANALYZER_NUMBER_OBJECT_CONVERSION = YES_AGGRESSIVE;
				CLANG_CXX_LANGUAGE_STANDARD = "gnu++14";
				CLANG_CXX_LIBRARY = "libc++";
				CLANG_ENABLE_MODULES = YES;
				CLANG_ENABLE_OBJC_ARC = YES;
				CLANG_ENABLE_OBJC_WEAK = YES;
				CLANG_WARN_BLOCK_CAPTURE_AUTORELEASING = YES;
				CLANG_WARN_BOOL_CONVERSION = YES;
				CLANG_WARN_COMMA = YES;
				CLANG_WARN_CONSTANT_CONVERSION = YES;
				CLANG_WARN_DEPRECATED_OBJC_IMPLEMENTATIONS = YES;
				CLANG_WARN_DIRECT_OBJC_ISA_USAGE = YES_ERROR;
				CLANG_WARN_DOCUMENTATION_COMMENTS = YES;
				CLANG_WARN_EMPTY_BODY = YES;
				CLANG_WARN_ENUM_CONVERSION = YES;
				CLANG_WARN_INFINITE_RECURSION = YES;
				CLANG_WARN_INT_CONVERSION = YES;
				CLANG_WARN_NON_LITERAL_NULL_CONVERSION = YES;
				CLANG_WARN_OBJC_IMPLICIT_RETAIN_SELF = YES;
				CLANG_WARN_OBJC_LITERAL_CONVERSION = YES;
				CLANG_WARN_OBJC_ROOT_CLASS = YES_ERROR;
				CLANG_WARN_RANGE_LOOP_ANALYSIS = YES;
				CLANG_WARN_STRICT_PROTOTYPES = YES;
				CLANG_WARN_SUSPICIOUS_MOVE = YES;
				CLANG_WARN_UNGUARDED_AVAILABILITY = YES_AGGRESSIVE;
				CLANG_WARN_UNREACHABLE_CODE = YES;
				CLANG_WARN__DUPLICATE_METHOD_MATCH = YES;
				CODE_SIGN_IDENTITY = "iPhone Developer";
				COPY_PHASE_STRIP = NO;
				DEBUG_INFORMATION_FORMAT = "dwarf-with-dsym";
				ENABLE_NS_ASSERTIONS = NO;
				ENABLE_STRICT_OBJC_MSGSEND = YES;
				GCC_C_LANGUAGE_STANDARD = gnu11;
				GCC_NO_COMMON_BLOCKS = YES;
				GCC_WARN_64_TO_32_BIT_CONVERSION = YES;
				GCC_WARN_ABOUT_RETURN_TYPE = YES_ERROR;
				GCC_WARN_UNDECLARED_SELECTOR = YES;
				GCC_WARN_UNINITIALIZED_AUTOS = YES_AGGRESSIVE;
				GCC_WARN_UNUSED_FUNCTION = YES;
				GCC_WARN_UNUSED_VARIABLE = YES;
				IPHONEOS_DEPLOYMENT_TARGET = 11.4;
				MTL_ENABLE_DEBUG_INFO = NO;
				SDKROOT = iphoneos;
				SWIFT_COMPILATION_MODE = wholemodule;
				SWIFT_OPTIMIZATION_LEVEL = "-O";
				VALIDATE_PRODUCT = YES;
			};
			name = Release;
		};
		FC4D3980214C6CD500D11C03 /* Debug */ = {
			isa = XCBuildConfiguration;
			buildSettings = {
				ASSETCATALOG_COMPILER_APPICON_NAME = AppIcon;
				CODE_SIGN_STYLE = Automatic;
				INFOPLIST_FILE = "plasticFishes-mvc/Info.plist";
				LD_RUNPATH_SEARCH_PATHS = (
					"$(inherited)",
					"@executable_path/Frameworks",
				);
				PRODUCT_BUNDLE_IDENTIFIER = "Fi-Diplo.plasticFishes-mvc";
				PRODUCT_NAME = "$(TARGET_NAME)";
				SWIFT_VERSION = 4.0;
				TARGETED_DEVICE_FAMILY = "1,2";
			};
			name = Debug;
		};
		FC4D3981214C6CD500D11C03 /* Release */ = {
			isa = XCBuildConfiguration;
			buildSettings = {
				ASSETCATALOG_COMPILER_APPICON_NAME = AppIcon;
				CODE_SIGN_STYLE = Automatic;
				INFOPLIST_FILE = "plasticFishes-mvc/Info.plist";
				LD_RUNPATH_SEARCH_PATHS = (
					"$(inherited)",
					"@executable_path/Frameworks",
				);
				PRODUCT_BUNDLE_IDENTIFIER = "Fi-Diplo.plasticFishes-mvc";
				PRODUCT_NAME = "$(TARGET_NAME)";
				SWIFT_VERSION = 4.0;
				TARGETED_DEVICE_FAMILY = "1,2";
			};
			name = Release;
		};
		FC4D3983214C6CD500D11C03 /* Debug */ = {
			isa = XCBuildConfiguration;
			buildSettings = {
				ALWAYS_EMBED_SWIFT_STANDARD_LIBRARIES = YES;
				BUNDLE_LOADER = "$(TEST_HOST)";
				CODE_SIGN_STYLE = Automatic;
				INFOPLIST_FILE = "plasticFishes-mvcTests/Info.plist";
				LD_RUNPATH_SEARCH_PATHS = (
					"$(inherited)",
					"@executable_path/Frameworks",
					"@loader_path/Frameworks",
				);
				PRODUCT_BUNDLE_IDENTIFIER = "Fi-Diplo.plasticFishes-mvcTests";
				PRODUCT_NAME = "$(TARGET_NAME)";
				SWIFT_VERSION = 4.0;
				TARGETED_DEVICE_FAMILY = "1,2";
				TEST_HOST = "$(BUILT_PRODUCTS_DIR)/plasticFishes-mvc.app/plasticFishes-mvc";
			};
			name = Debug;
		};
		FC4D3984214C6CD500D11C03 /* Release */ = {
			isa = XCBuildConfiguration;
			buildSettings = {
				ALWAYS_EMBED_SWIFT_STANDARD_LIBRARIES = YES;
				BUNDLE_LOADER = "$(TEST_HOST)";
				CODE_SIGN_STYLE = Automatic;
				INFOPLIST_FILE = "plasticFishes-mvcTests/Info.plist";
				LD_RUNPATH_SEARCH_PATHS = (
					"$(inherited)",
					"@executable_path/Frameworks",
					"@loader_path/Frameworks",
				);
				PRODUCT_BUNDLE_IDENTIFIER = "Fi-Diplo.plasticFishes-mvcTests";
				PRODUCT_NAME = "$(TARGET_NAME)";
				SWIFT_VERSION = 4.0;
				TARGETED_DEVICE_FAMILY = "1,2";
				TEST_HOST = "$(BUILT_PRODUCTS_DIR)/plasticFishes-mvc.app/plasticFishes-mvc";
			};
			name = Release;
		};
/* End XCBuildConfiguration section */

/* Begin XCConfigurationList section */
		FC4D395B214C6CD300D11C03 /* Build configuration list for PBXProject "plasticFishes-mvc" */ = {
			isa = XCConfigurationList;
			buildConfigurations = (
				FC4D397D214C6CD500D11C03 /* Debug */,
				FC4D397E214C6CD500D11C03 /* Release */,
			);
			defaultConfigurationIsVisible = 0;
			defaultConfigurationName = Release;
		};
		FC4D397F214C6CD500D11C03 /* Build configuration list for PBXNativeTarget "plasticFishes-mvc" */ = {
			isa = XCConfigurationList;
			buildConfigurations = (
				FC4D3980214C6CD500D11C03 /* Debug */,
				FC4D3981214C6CD500D11C03 /* Release */,
			);
			defaultConfigurationIsVisible = 0;
			defaultConfigurationName = Release;
		};
		FC4D3982214C6CD500D11C03 /* Build configuration list for PBXNativeTarget "plasticFishes-mvcTests" */ = {
			isa = XCConfigurationList;
			buildConfigurations = (
				FC4D3983214C6CD500D11C03 /* Debug */,
				FC4D3984214C6CD500D11C03 /* Release */,
			);
			defaultConfigurationIsVisible = 0;
			defaultConfigurationName = Release;
		};
/* End XCConfigurationList section */
	};
	rootObject = FC4D3958214C6CD300D11C03 /* Project object */;
}
